
Microsoft Visual Studio Solution File, Format Version 12.00
# Visual Studio Version 17
VisualStudioVersion = 17.8.34330.188
MinimumVisualStudioVersion = 10.0.40219.1
Project("{FAE04EC0-301F-11D3-BF4B-00C04F79EFBC}") = "training", "training\training.csproj", "{4454CA51-F24D-4779-A050-4E67F657532E}"
EndProject
Global
	GlobalSection(SolutionConfigurationPlatforms) = preSolution
		Debug|Any CPU = Debug|Any CPU
		Release|Any CPU = Release|Any CPU
	EndGlobalSection
	GlobalSection(ProjectConfigurationPlatforms) = postSolution
		{4454CA51-F24D-4779-A050-4E67F657532E}.Debug|Any CPU.ActiveCfg = Debug|Any CPU
		{4454CA51-F24D-4779-A050-4E67F657532E}.Debug|Any CPU.Build.0 = Debug|Any CPU
		{4454CA51-F24D-4779-A050-4E67F657532E}.Release|Any CPU.ActiveCfg = Release|Any CPU
		{4454CA51-F24D-4779-A050-4E67F657532E}.Release|Any CPU.Build.0 = Release|Any CPU
	EndGlobalSection
	GlobalSection(SolutionProperties) = preSolution
		HideSolutionNode = FALSE
	EndGlobalSection
	GlobalSection(ExtensibilityGlobals) = postSolution
		SolutionGuid = {B878DBE1-989F-4C4A-B602-7FA5DD7326F6}
	EndGlobalSection
EndGlobal
